
Microsoft Visual Studio Solution File, Format Version 12.00
# Visual Studio Version 18
VisualStudioVersion = 18.4.11612.150
MinimumVisualStudioVersion = 10.0.40219.1
Project("{FAE04EC0-301F-11D3-BF4B-00C04F79EFBC}") = "Apha.FPSApps.Infrastructure", "Apha.FPSApps\Apha.FPSApps.Infrastructure\Apha.FPSApps.Infrastructure.csproj", "{103738C8-210B-89D3-E02F-11AFE1845E2B}"
EndProject
Project("{FAE04EC0-301F-11D3-BF4B-00C04F79EFBC}") = "Apha.FPSApps.Application", "Apha.FPSApps\Apha.FPSApps.Application\Apha.FPSApps.Application.csproj", "{51915B36-DDA8-650B-C5A7-6427085F2B51}"
EndProject
Project("{FAE04EC0-301F-11D3-BF4B-00C04F79EFBC}") = "Apha.FPSApps.Web", "Apha.FPSApps\Apha.FPSApps.Web\Apha.FPSApps.Web.csproj", "{A4C31948-591D-A01B-76DA-228E3CD8A0F6}"
EndProject
Project("{FAE04EC0-301F-11D3-BF4B-00C04F79EFBC}") = "Apha.FPS.DataAccess", "Apha.FPS\Apha.FPS.DataAccess\Apha.FPS.DataAccess.csproj", "{89BEDA84-5C83-ABC8-4C0D-8470115F0132}"
EndProject
Project("{FAE04EC0-301F-11D3-BF4B-00C04F79EFBC}") = "Apha.FPS.Core", "Apha.FPS\Apha.FPS.Core\Apha.FPS.Core.csproj", "{52479258-3A7D-FE3D-527E-0B5E893FE01F}"
EndProject
Project("{FAE04EC0-301F-11D3-BF4B-00C04F79EFBC}") = "Apha.FPS.DataAccess.UnitTests", "Apha.FPS\Apha.FPS.DataAccess.UnitTests\Apha.FPS.DataAccess.UnitTests.csproj", "{1F5736A9-4085-2766-BF3C-4AF1C72E4414}"
EndProject
Project("{FAE04EC0-301F-11D3-BF4B-00C04F79EFBC}") = "Apha.FPS.Application", "Apha.FPS\Apha.FPS.Application\Apha.FPS.Application.csproj", "{0E811B44-D15F-CDDE-5591-AA0814548E9B}"
EndProject
Project("{FAE04EC0-301F-11D3-BF4B-00C04F79EFBC}") = "Apha.FPS.Api", "Apha.FPS\Apha.FPS.Api\Apha.FPS.Api.csproj", "{8ACDE237-C771-4742-F3E3-197D84F88C56}"
EndProject
Project("{FAE04EC0-301F-11D3-BF4B-00C04F79EFBC}") = "Apha.FPS.Api.UnitTests", "Apha.FPS\Apha.FPS.Api.UnitTests\Apha.FPS.Api.UnitTests.csproj", "{E7489989-C55C-431A-C3A1-9820199F0217}"
EndProject
Project("{FAE04EC0-301F-11D3-BF4B-00C04F79EFBC}") = "Apha.FPS.Application.UnitTests", "Apha.FPS\Apha.FPS.Application.UnitTests\Apha.FPS.Application.UnitTests.csproj", "{E576496E-00A1-F8CB-6D81-83B4DF670255}"
EndProject
Project("{2150E333-8FDC-42A3-9474-1A3956D46DE8}") = "Apha.FPS", "Apha.FPS", "{02EA681E-C7D8-13C7-8484-4AC65E1B71E8}"
EndProject
Project("{2150E333-8FDC-42A3-9474-1A3956D46DE8}") = "Apha.FPSApps", "Apha.FPSApps", "{371F3496-7532-4301-B95C-A4AA8EFBB6D2}"
EndProject
Project("{2150E333-8FDC-42A3-9474-1A3956D46DE8}") = "Apha.Costbook", "Apha.Costbook", "{B85F74EC-66C3-4070-BD0D-C05663042254}"
EndProject
Project("{2150E333-8FDC-42A3-9474-1A3956D46DE8}") = "Apha.PACT", "Apha.PACT", "{A4837D11-33F3-4358-BCDD-6BE3D2ABAD58}"
EndProject
Project("{2150E333-8FDC-42A3-9474-1A3956D46DE8}") = "Apha.PIMS", "Apha.PIMS", "{98904118-11E4-45B4-910F-1AFD4225E234}"
EndProject
Project("{2150E333-8FDC-42A3-9474-1A3956D46DE8}") = "Apha.Common", "Apha.Common", "{ED19AC3D-C93E-4F34-8034-956E4795F6D0}"
EndProject
Project("{FAE04EC0-301F-11D3-BF4B-00C04F79EFBC}") = "Apha.Costbook.DataAccess", "Apha.Costbook\Apha.Costbook.DataAccess\Apha.Costbook.DataAccess.csproj", "{D1D74C6B-A46A-8C27-8FCD-6F53339AD2D4}"
EndProject
Project("{FAE04EC0-301F-11D3-BF4B-00C04F79EFBC}") = "Apha.Costbook.Core", "Apha.Costbook\Apha.Costbook.Core\Apha.Costbook.Core.csproj", "{0EBC449D-F099-E29D-3D47-D399CEE86DC3}"
EndProject
Project("{FAE04EC0-301F-11D3-BF4B-00C04F79EFBC}") = "Apha.Costbook.Application", "Apha.Costbook\Apha.Costbook.Application\Apha.Costbook.Application.csproj", "{59A2963B-9F63-E87B-AF11-B8FCFF549D21}"
EndProject
Project("{FAE04EC0-301F-11D3-BF4B-00C04F79EFBC}") = "Apha.Costbook.Api", "Apha.Costbook\Apha.Costbook.Api\Apha.Costbook.Api.csproj", "{EEB2DCDB-DFC0-E7B4-837D-36C388284F6A}"
EndProject
Project("{FAE04EC0-301F-11D3-BF4B-00C04F79EFBC}") = "Apha.PACT.Core", "Apha.PACT\Apha.PACT.Core\Apha.PACT.Core.csproj", "{B893A0B4-1D2D-A2BC-F142-CAA1E6756E50}"
EndProject
Project("{FAE04EC0-301F-11D3-BF4B-00C04F79EFBC}") = "Apha.PACT.DataAccess", "Apha.PACT\Apha.PACT.DataAccess\Apha.PACT.DataAccess.csproj", "{8614C503-6BFE-E243-D30D-8B60FF5BD493}"
EndProject
Project("{FAE04EC0-301F-11D3-BF4B-00C04F79EFBC}") = "Apha.PACT.Application", "Apha.PACT\Apha.PACT.Application\Apha.PACT.Application.csproj", "{AE34CD07-16F0-FF62-39B6-26A043F891F0}"
EndProject
Project("{FAE04EC0-301F-11D3-BF4B-00C04F79EFBC}") = "Apha.PACT.Api", "Apha.PACT\Apha.PACT.Api\Apha.PACT.Api.csproj", "{01F4A3B2-348B-C335-BFDD-DC888EE50E62}"
EndProject
Project("{FAE04EC0-301F-11D3-BF4B-00C04F79EFBC}") = "Apha.PIMS.Core", "Apha.PIMS\Apha.PIMS.Core\Apha.PIMS.Core.csproj", "{80F630CA-89A6-94D2-3896-4C962A19F6A3}"
EndProject
Project("{FAE04EC0-301F-11D3-BF4B-00C04F79EFBC}") = "Apha.PIMS.DataAccess", "Apha.PIMS\Apha.PIMS.DataAccess\Apha.PIMS.DataAccess.csproj", "{3B73951F-568C-896E-8BE4-A9BEE6DCA325}"
EndProject
Project("{FAE04EC0-301F-11D3-BF4B-00C04F79EFBC}") = "Apha.PIMS.Application", "Apha.PIMS\Apha.PIMS.Application\Apha.PIMS.Application.csproj", "{159C8418-DF52-9DC8-5135-F57FADDEFA77}"
EndProject
Project("{FAE04EC0-301F-11D3-BF4B-00C04F79EFBC}") = "Apha.PIMS.Api", "Apha.PIMS\Apha.PIMS.Api\Apha.PIMS.Api.csproj", "{BFA7BFDD-1E73-CE44-38C2-31146F9A94C7}"
EndProject
Project("{FAE04EC0-301F-11D3-BF4B-00C04F79EFBC}") = "Apha.Common", "Apha.Common\Apha.Common.csproj", "{45D86254-16A2-6BB5-5141-F46DCD297FD3}"
EndProject
Project("{FAE04EC0-301F-11D3-BF4B-00C04F79EFBC}") = "Apha.FPSApps.Application.UnitTests", "Apha.FPSApps\Apha.FPSApps.Application.UnitTests\Apha.FPSApps.Application.UnitTests.csproj", "{29EEA4F8-7512-47E3-9916-B69B43FD37AC}"
EndProject
Project("{FAE04EC0-301F-11D3-BF4B-00C04F79EFBC}") = "Apha.FPSApps.Web.UnitTests", "Apha.FPSApps\Apha.FPSApps.Web.UnitTests\Apha.FPSApps.Web.UnitTests.csproj", "{05ED23C0-0078-F4B6-197B-BFC7D8AED0A2}"
EndProject
Project("{FAE04EC0-301F-11D3-BF4B-00C04F79EFBC}") = "Apha.FPSApps.Infrastructure.UnitTests", "Apha.FPSApps\Apha.FPSApps.Infrastructure.UnitTests\Apha.FPSApps.Infrastructure.UnitTests.csproj", "{2EFDD49A-8B80-556E-F656-D5636E6EC599}"
EndProject
Project("{FAE04EC0-301F-11D3-BF4B-00C04F79EFBC}") = "Apha.PACT.Api.UnitTests", "Apha.PACT\Apha.PACT.Api.UnitTests\Apha.PACT.Api.UnitTests.csproj", "{F24A143E-1F9A-FB16-5A28-154C578145C7}"
EndProject
Project("{FAE04EC0-301F-11D3-BF4B-00C04F79EFBC}") = "Apha.PACT.Application.UnitTests", "Apha.PACT\Apha.PACT.Application.UnitTests\Apha.PACT.Application.UnitTests.csproj", "{D2449DF6-F990-182E-7F60-A2D2DDD55614}"
EndProject
Project("{FAE04EC0-301F-11D3-BF4B-00C04F79EFBC}") = "Apha.PACT.DataAccess.UnitTests", "Apha.PACT\Apha.PACT.DataAccess.UnitTests\Apha.PACT.DataAccess.UnitTests.csproj", "{1CA7E014-52F8-8336-B4A6-B5B9EFB34B50}"
EndProject
Project("{FAE04EC0-301F-11D3-BF4B-00C04F79EFBC}") = "Apha.PIMS.Api.UnitTests", "Apha.PIMS\Apha.PIMS.Api.UnitTests\Apha.PIMS.Api.UnitTests.csproj", "{9001E18E-8198-51AF-FCAB-67B7D71E404A}"
EndProject
Project("{FAE04EC0-301F-11D3-BF4B-00C04F79EFBC}") = "Apha.PIMS.Application.UnitTests", "Apha.PIMS\Apha.PIMS.Application.UnitTests\Apha.PIMS.Application.UnitTests.csproj", "{29D0FE75-C000-B9A6-B314-E086AA4A5E1D}"
EndProject
Project("{FAE04EC0-301F-11D3-BF4B-00C04F79EFBC}") = "Apha.PIMS.DataAccess.UnitTests", "Apha.PIMS\Apha.PIMS.DataAccess.UnitTests\Apha.PIMS.DataAccess.UnitTests.csproj", "{0546876D-A78D-29AE-BBDF-F46368EE2392}"
EndProject
Project("{FAE04EC0-301F-11D3-BF4B-00C04F79EFBC}") = "Apha.Costbook.Api.UnitTests", "Apha.Costbook\Apha.Costbook.Api.UnitTests\Apha.Costbook.Api.UnitTests.csproj", "{1249A920-3B7E-0F9A-DD0E-123106503640}"
EndProject
Project("{FAE04EC0-301F-11D3-BF4B-00C04F79EFBC}") = "Apha.Costbook.Application.UnitTests", "Apha.Costbook\Apha.Costbook.Application.UnitTests\Apha.Costbook.Application.UnitTests.csproj", "{FE602748-A5A1-502B-4E55-37DBABD642D2}"
EndProject
Project("{FAE04EC0-301F-11D3-BF4B-00C04F79EFBC}") = "Apha.Costbook.DataAccess.UnitTests", "Apha.Costbook\Apha.Costbook.DataAccess.UnitTests\Apha.Costbook.DataAccess.UnitTests.csproj", "{33D214FE-427B-72D2-C2BD-C95BD823A271}"
EndProject
Project("{FAE04EC0-301F-11D3-BF4B-00C04F79EFBC}") = "Apha.Common.UnitTests", "Apha.Common\Apha.Common.UnitTests\Apha.Common.UnitTests.csproj", "{EA2C542F-9A7E-40BD-B1BF-450C36F68398}"
EndProject
Global
	GlobalSection(SolutionConfigurationPlatforms) = preSolution
		Debug|Any CPU = Debug|Any CPU
		Debug|x64 = Debug|x64
		Debug|x86 = Debug|x86
		Release|Any CPU = Release|Any CPU
		Release|x64 = Release|x64
		Release|x86 = Release|x86
	EndGlobalSection
	GlobalSection(ProjectConfigurationPlatforms) = postSolution
		{103738C8-210B-89D3-E02F-11AFE1845E2B}.Debug|Any CPU.ActiveCfg = Debug|Any CPU
		{103738C8-210B-89D3-E02F-11AFE1845E2B}.Debug|Any CPU.Build.0 = Debug|Any CPU
		{103738C8-210B-89D3-E02F-11AFE1845E2B}.Debug|x64.ActiveCfg = Debug|Any CPU
		{103738C8-210B-89D3-E02F-11AFE1845E2B}.Debug|x64.Build.0 = Debug|Any CPU
		{103738C8-210B-89D3-E02F-11AFE1845E2B}.Debug|x86.ActiveCfg = Debug|Any CPU
		{103738C8-210B-89D3-E02F-11AFE1845E2B}.Debug|x86.Build.0 = Debug|Any CPU
		{103738C8-210B-89D3-E02F-11AFE1845E2B}.Release|Any CPU.ActiveCfg = Release|Any CPU
		{103738C8-210B-89D3-E02F-11AFE1845E2B}.Release|Any CPU.Build.0 = Release|Any CPU
		{103738C8-210B-89D3-E02F-11AFE1845E2B}.Release|x64.ActiveCfg = Release|Any CPU
		{103738C8-210B-89D3-E02F-11AFE1845E2B}.Release|x64.Build.0 = Release|Any CPU
		{103738C8-210B-89D3-E02F-11AFE1845E2B}.Release|x86.ActiveCfg = Release|Any CPU
		{103738C8-210B-89D3-E02F-11AFE1845E2B}.Release|x86.Build.0 = Release|Any CPU
		{51915B36-DDA8-650B-C5A7-6427085F2B51}.Debug|Any CPU.ActiveCfg = Debug|Any CPU
		{51915B36-DDA8-650B-C5A7-6427085F2B51}.Debug|Any CPU.Build.0 = Debug|Any CPU
		{51915B36-DDA8-650B-C5A7-6427085F2B51}.Debug|x64.ActiveCfg = Debug|Any CPU
		{51915B36-DDA8-650B-C5A7-6427085F2B51}.Debug|x64.Build.0 = Debug|Any CPU
		{51915B36-DDA8-650B-C5A7-6427085F2B51}.Debug|x86.ActiveCfg = Debug|Any CPU
		{51915B36-DDA8-650B-C5A7-6427085F2B51}.Debug|x86.Build.0 = Debug|Any CPU
		{51915B36-DDA8-650B-C5A7-6427085F2B51}.Release|Any CPU.ActiveCfg = Release|Any CPU
		{51915B36-DDA8-650B-C5A7-6427085F2B51}.Release|Any CPU.Build.0 = Release|Any CPU
		{51915B36-DDA8-650B-C5A7-6427085F2B51}.Release|x64.ActiveCfg = Release|Any CPU
		{51915B36-DDA8-650B-C5A7-6427085F2B51}.Release|x64.Build.0 = Release|Any CPU
		{51915B36-DDA8-650B-C5A7-6427085F2B51}.Release|x86.ActiveCfg = Release|Any CPU
		{51915B36-DDA8-650B-C5A7-6427085F2B51}.Release|x86.Build.0 = Release|Any CPU
		{A4C31948-591D-A01B-76DA-228E3CD8A0F6}.Debug|Any CPU.ActiveCfg = Debug|Any CPU
		{A4C31948-591D-A01B-76DA-228E3CD8A0F6}.Debug|Any CPU.Build.0 = Debug|Any CPU
		{A4C31948-591D-A01B-76DA-228E3CD8A0F6}.Debug|x64.ActiveCfg = Debug|Any CPU
		{A4C31948-591D-A01B-76DA-228E3CD8A0F6}.Debug|x64.Build.0 = Debug|Any CPU
		{A4C31948-591D-A01B-76DA-228E3CD8A0F6}.Debug|x86.ActiveCfg = Debug|Any CPU
		{A4C31948-591D-A01B-76DA-228E3CD8A0F6}.Debug|x86.Build.0 = Debug|Any CPU
		{A4C31948-591D-A01B-76DA-228E3CD8A0F6}.Release|Any CPU.ActiveCfg = Release|Any CPU
		{A4C31948-591D-A01B-76DA-228E3CD8A0F6}.Release|Any CPU.Build.0 = Release|Any CPU
		{A4C31948-591D-A01B-76DA-228E3CD8A0F6}.Release|x64.ActiveCfg = Release|Any CPU
		{A4C31948-591D-A01B-76DA-228E3CD8A0F6}.Release|x64.Build.0 = Release|Any CPU
		{A4C31948-591D-A01B-76DA-228E3CD8A0F6}.Release|x86.ActiveCfg = Release|Any CPU
		{A4C31948-591D-A01B-76DA-228E3CD8A0F6}.Release|x86.Build.0 = Release|Any CPU
		{89BEDA84-5C83-ABC8-4C0D-8470115F0132}.Debug|Any CPU.ActiveCfg = Debug|Any CPU
		{89BEDA84-5C83-ABC8-4C0D-8470115F0132}.Debug|Any CPU.Build.0 = Debug|Any CPU
		{89BEDA84-5C83-ABC8-4C0D-8470115F0132}.Debug|x64.ActiveCfg = Debug|Any CPU
		{89BEDA84-5C83-ABC8-4C0D-8470115F0132}.Debug|x64.Build.0 = Debug|Any CPU
		{89BEDA84-5C83-ABC8-4C0D-8470115F0132}.Debug|x86.ActiveCfg = Debug|Any CPU
		{89BEDA84-5C83-ABC8-4C0D-8470115F0132}.Debug|x86.Build.0 = Debug|Any CPU
		{89BEDA84-5C83-ABC8-4C0D-8470115F0132}.Release|Any CPU.ActiveCfg = Release|Any CPU
		{89BEDA84-5C83-ABC8-4C0D-8470115F0132}.Release|Any CPU.Build.0 = Release|Any CPU
		{89BEDA84-5C83-ABC8-4C0D-8470115F0132}.Release|x64.ActiveCfg = Release|Any CPU
		{89BEDA84-5C83-ABC8-4C0D-8470115F0132}.Release|x64.Build.0 = Release|Any CPU
		{89BEDA84-5C83-ABC8-4C0D-8470115F0132}.Release|x86.ActiveCfg = Release|Any CPU
		{89BEDA84-5C83-ABC8-4C0D-8470115F0132}.Release|x86.Build.0 = Release|Any CPU
		{52479258-3A7D-FE3D-527E-0B5E893FE01F}.Debug|Any CPU.ActiveCfg = Debug|Any CPU
		{52479258-3A7D-FE3D-527E-0B5E893FE01F}.Debug|Any CPU.Build.0 = Debug|Any CPU
		{52479258-3A7D-FE3D-527E-0B5E893FE01F}.Debug|x64.ActiveCfg = Debug|Any CPU
		{52479258-3A7D-FE3D-527E-0B5E893FE01F}.Debug|x64.Build.0 = Debug|Any CPU
		{52479258-3A7D-FE3D-527E-0B5E893FE01F}.Debug|x86.ActiveCfg = Debug|Any CPU
		{52479258-3A7D-FE3D-527E-0B5E893FE01F}.Debug|x86.Build.0 = Debug|Any CPU
		{52479258-3A7D-FE3D-527E-0B5E893FE01F}.Release|Any CPU.ActiveCfg = Release|Any CPU
		{52479258-3A7D-FE3D-527E-0B5E893FE01F}.Release|Any CPU.Build.0 = Release|Any CPU
		{52479258-3A7D-FE3D-527E-0B5E893FE01F}.Release|x64.ActiveCfg = Release|Any CPU
		{52479258-3A7D-FE3D-527E-0B5E893FE01F}.Release|x64.Build.0 = Release|Any CPU
		{52479258-3A7D-FE3D-527E-0B5E893FE01F}.Release|x86.ActiveCfg = Release|Any CPU
		{52479258-3A7D-FE3D-527E-0B5E893FE01F}.Release|x86.Build.0 = Release|Any CPU
		{1F5736A9-4085-2766-BF3C-4AF1C72E4414}.Debug|Any CPU.ActiveCfg = Debug|Any CPU
		{1F5736A9-4085-2766-BF3C-4AF1C72E4414}.Debug|Any CPU.Build.0 = Debug|Any CPU
		{1F5736A9-4085-2766-BF3C-4AF1C72E4414}.Debug|x64.ActiveCfg = Debug|Any CPU
		{1F5736A9-4085-2766-BF3C-4AF1C72E4414}.Debug|x64.Build.0 = Debug|Any CPU
		{1F5736A9-4085-2766-BF3C-4AF1C72E4414}.Debug|x86.ActiveCfg = Debug|Any CPU
		{1F5736A9-4085-2766-BF3C-4AF1C72E4414}.Debug|x86.Build.0 = Debug|Any CPU
		{1F5736A9-4085-2766-BF3C-4AF1C72E4414}.Release|Any CPU.ActiveCfg = Release|Any CPU
		{1F5736A9-4085-2766-BF3C-4AF1C72E4414}.Release|Any CPU.Build.0 = Release|Any CPU
		{1F5736A9-4085-2766-BF3C-4AF1C72E4414}.Release|x64.ActiveCfg = Release|Any CPU
		{1F5736A9-4085-2766-BF3C-4AF1C72E4414}.Release|x64.Build.0 = Release|Any CPU
		{1F5736A9-4085-2766-BF3C-4AF1C72E4414}.Release|x86.ActiveCfg = Release|Any CPU
		{1F5736A9-4085-2766-BF3C-4AF1C72E4414}.Release|x86.Build.0 = Release|Any CPU
		{0E811B44-D15F-CDDE-5591-AA0814548E9B}.Debug|Any CPU.ActiveCfg = Debug|Any CPU
		{0E811B44-D15F-CDDE-5591-AA0814548E9B}.Debug|Any CPU.Build.0 = Debug|Any CPU
		{0E811B44-D15F-CDDE-5591-AA0814548E9B}.Debug|x64.ActiveCfg = Debug|Any CPU
		{0E811B44-D15F-CDDE-5591-AA0814548E9B}.Debug|x64.Build.0 = Debug|Any CPU
		{0E811B44-D15F-CDDE-5591-AA0814548E9B}.Debug|x86.ActiveCfg = Debug|Any CPU
		{0E811B44-D15F-CDDE-5591-AA0814548E9B}.Debug|x86.Build.0 = Debug|Any CPU
		{0E811B44-D15F-CDDE-5591-AA0814548E9B}.Release|Any CPU.ActiveCfg = Release|Any CPU
		{0E811B44-D15F-CDDE-5591-AA0814548E9B}.Release|Any CPU.Build.0 = Release|Any CPU
		{0E811B44-D15F-CDDE-5591-AA0814548E9B}.Release|x64.ActiveCfg = Release|Any CPU
		{0E811B44-D15F-CDDE-5591-AA0814548E9B}.Release|x64.Build.0 = Release|Any CPU
		{0E811B44-D15F-CDDE-5591-AA0814548E9B}.Release|x86.ActiveCfg = Release|Any CPU
		{0E811B44-D15F-CDDE-5591-AA0814548E9B}.Release|x86.Build.0 = Release|Any CPU
		{8ACDE237-C771-4742-F3E3-197D84F88C56}.Debug|Any CPU.ActiveCfg = Debug|Any CPU
		{8ACDE237-C771-4742-F3E3-197D84F88C56}.Debug|Any CPU.Build.0 = Debug|Any CPU
		{8ACDE237-C771-4742-F3E3-197D84F88C56}.Debug|x64.ActiveCfg = Debug|Any CPU
		{8ACDE237-C771-4742-F3E3-197D84F88C56}.Debug|x64.Build.0 = Debug|Any CPU
		{8ACDE237-C771-4742-F3E3-197D84F88C56}.Debug|x86.ActiveCfg = Debug|Any CPU
		{8ACDE237-C771-4742-F3E3-197D84F88C56}.Debug|x86.Build.0 = Debug|Any CPU
		{8ACDE237-C771-4742-F3E3-197D84F88C56}.Release|Any CPU.ActiveCfg = Release|Any CPU
		{8ACDE237-C771-4742-F3E3-197D84F88C56}.Release|Any CPU.Build.0 = Release|Any CPU
		{8ACDE237-C771-4742-F3E3-197D84F88C56}.Release|x64.ActiveCfg = Release|Any CPU
		{8ACDE237-C771-4742-F3E3-197D84F88C56}.Release|x64.Build.0 = Release|Any CPU
		{8ACDE237-C771-4742-F3E3-197D84F88C56}.Release|x86.ActiveCfg = Release|Any CPU
		{8ACDE237-C771-4742-F3E3-197D84F88C56}.Release|x86.Build.0 = Release|Any CPU
		{E7489989-C55C-431A-C3A1-9820199F0217}.Debug|Any CPU.ActiveCfg = Debug|Any CPU
		{E7489989-C55C-431A-C3A1-9820199F0217}.Debug|Any CPU.Build.0 = Debug|Any CPU
		{E7489989-C55C-431A-C3A1-9820199F0217}.Debug|x64.ActiveCfg = Debug|Any CPU
		{E7489989-C55C-431A-C3A1-9820199F0217}.Debug|x64.Build.0 = Debug|Any CPU
		{E7489989-C55C-431A-C3A1-9820199F0217}.Debug|x86.ActiveCfg = Debug|Any CPU
		{E7489989-C55C-431A-C3A1-9820199F0217}.Debug|x86.Build.0 = Debug|Any CPU
		{E7489989-C55C-431A-C3A1-9820199F0217}.Release|Any CPU.ActiveCfg = Release|Any CPU
		{E7489989-C55C-431A-C3A1-9820199F0217}.Release|Any CPU.Build.0 = Release|Any CPU
		{E7489989-C55C-431A-C3A1-9820199F0217}.Release|x64.ActiveCfg = Release|Any CPU
		{E7489989-C55C-431A-C3A1-9820199F0217}.Release|x64.Build.0 = Release|Any CPU
		{E7489989-C55C-431A-C3A1-9820199F0217}.Release|x86.ActiveCfg = Release|Any CPU
		{E7489989-C55C-431A-C3A1-9820199F0217}.Release|x86.Build.0 = Release|Any CPU
		{E576496E-00A1-F8CB-6D81-83B4DF670255}.Debug|Any CPU.ActiveCfg = Debug|Any CPU
		{E576496E-00A1-F8CB-6D81-83B4DF670255}.Debug|Any CPU.Build.0 = Debug|Any CPU
		{E576496E-00A1-F8CB-6D81-83B4DF670255}.Debug|x64.ActiveCfg = Debug|Any CPU
		{E576496E-00A1-F8CB-6D81-83B4DF670255}.Debug|x64.Build.0 = Debug|Any CPU
		{E576496E-00A1-F8CB-6D81-83B4DF670255}.Debug|x86.ActiveCfg = Debug|Any CPU
		{E576496E-00A1-F8CB-6D81-83B4DF670255}.Debug|x86.Build.0 = Debug|Any CPU
		{E576496E-00A1-F8CB-6D81-83B4DF670255}.Release|Any CPU.ActiveCfg = Release|Any CPU
		{E576496E-00A1-F8CB-6D81-83B4DF670255}.Release|Any CPU.Build.0 = Release|Any CPU
		{E576496E-00A1-F8CB-6D81-83B4DF670255}.Release|x64.ActiveCfg = Release|Any CPU
		{E576496E-00A1-F8CB-6D81-83B4DF670255}.Release|x64.Build.0 = Release|Any CPU
		{E576496E-00A1-F8CB-6D81-83B4DF670255}.Release|x86.ActiveCfg = Release|Any CPU
		{E576496E-00A1-F8CB-6D81-83B4DF670255}.Release|x86.Build.0 = Release|Any CPU
		{D1D74C6B-A46A-8C27-8FCD-6F53339AD2D4}.Debug|Any CPU.ActiveCfg = Debug|Any CPU
		{D1D74C6B-A46A-8C27-8FCD-6F53339AD2D4}.Debug|Any CPU.Build.0 = Debug|Any CPU
		{D1D74C6B-A46A-8C27-8FCD-6F53339AD2D4}.Debug|x64.ActiveCfg = Debug|Any CPU
		{D1D74C6B-A46A-8C27-8FCD-6F53339AD2D4}.Debug|x64.Build.0 = Debug|Any CPU
		{D1D74C6B-A46A-8C27-8FCD-6F53339AD2D4}.Debug|x86.ActiveCfg = Debug|Any CPU
		{D1D74C6B-A46A-8C27-8FCD-6F53339AD2D4}.Debug|x86.Build.0 = Debug|Any CPU
		{D1D74C6B-A46A-8C27-8FCD-6F53339AD2D4}.Release|Any CPU.ActiveCfg = Release|Any CPU
		{D1D74C6B-A46A-8C27-8FCD-6F53339AD2D4}.Release|Any CPU.Build.0 = Release|Any CPU
		{D1D74C6B-A46A-8C27-8FCD-6F53339AD2D4}.Release|x64.ActiveCfg = Release|Any CPU
		{D1D74C6B-A46A-8C27-8FCD-6F53339AD2D4}.Release|x64.Build.0 = Release|Any CPU
		{D1D74C6B-A46A-8C27-8FCD-6F53339AD2D4}.Release|x86.ActiveCfg = Release|Any CPU
		{D1D74C6B-A46A-8C27-8FCD-6F53339AD2D4}.Release|x86.Build.0 = Release|Any CPU
		{0EBC449D-F099-E29D-3D47-D399CEE86DC3}.Debug|Any CPU.ActiveCfg = Debug|Any CPU
		{0EBC449D-F099-E29D-3D47-D399CEE86DC3}.Debug|Any CPU.Build.0 = Debug|Any CPU
		{0EBC449D-F099-E29D-3D47-D399CEE86DC3}.Debug|x64.ActiveCfg = Debug|Any CPU
		{0EBC449D-F099-E29D-3D47-D399CEE86DC3}.Debug|x64.Build.0 = Debug|Any CPU
		{0EBC449D-F099-E29D-3D47-D399CEE86DC3}.Debug|x86.ActiveCfg = Debug|Any CPU
		{0EBC449D-F099-E29D-3D47-D399CEE86DC3}.Debug|x86.Build.0 = Debug|Any CPU
		{0EBC449D-F099-E29D-3D47-D399CEE86DC3}.Release|Any CPU.ActiveCfg = Release|Any CPU
		{0EBC449D-F099-E29D-3D47-D399CEE86DC3}.Release|Any CPU.Build.0 = Release|Any CPU
		{0EBC449D-F099-E29D-3D47-D399CEE86DC3}.Release|x64.ActiveCfg = Release|Any CPU
		{0EBC449D-F099-E29D-3D47-D399CEE86DC3}.Release|x64.Build.0 = Release|Any CPU
		{0EBC449D-F099-E29D-3D47-D399CEE86DC3}.Release|x86.ActiveCfg = Release|Any CPU
		{0EBC449D-F099-E29D-3D47-D399CEE86DC3}.Release|x86.Build.0 = Release|Any CPU
		{59A2963B-9F63-E87B-AF11-B8FCFF549D21}.Debug|Any CPU.ActiveCfg = Debug|Any CPU
		{59A2963B-9F63-E87B-AF11-B8FCFF549D21}.Debug|Any CPU.Build.0 = Debug|Any CPU
		{59A2963B-9F63-E87B-AF11-B8FCFF549D21}.Debug|x64.ActiveCfg = Debug|Any CPU
		{59A2963B-9F63-E87B-AF11-B8FCFF549D21}.Debug|x64.Build.0 = Debug|Any CPU
		{59A2963B-9F63-E87B-AF11-B8FCFF549D21}.Debug|x86.ActiveCfg = Debug|Any CPU
		{59A2963B-9F63-E87B-AF11-B8FCFF549D21}.Debug|x86.Build.0 = Debug|Any CPU
		{59A2963B-9F63-E87B-AF11-B8FCFF549D21}.Release|Any CPU.ActiveCfg = Release|Any CPU
		{59A2963B-9F63-E87B-AF11-B8FCFF549D21}.Release|Any CPU.Build.0 = Release|Any CPU
		{59A2963B-9F63-E87B-AF11-B8FCFF549D21}.Release|x64.ActiveCfg = Release|Any CPU
		{59A2963B-9F63-E87B-AF11-B8FCFF549D21}.Release|x64.Build.0 = Release|Any CPU
		{59A2963B-9F63-E87B-AF11-B8FCFF549D21}.Release|x86.ActiveCfg = Release|Any CPU
		{59A2963B-9F63-E87B-AF11-B8FCFF549D21}.Release|x86.Build.0 = Release|Any CPU
		{EEB2DCDB-DFC0-E7B4-837D-36C388284F6A}.Debug|Any CPU.ActiveCfg = Debug|Any CPU
		{EEB2DCDB-DFC0-E7B4-837D-36C388284F6A}.Debug|Any CPU.Build.0 = Debug|Any CPU
		{EEB2DCDB-DFC0-E7B4-837D-36C388284F6A}.Debug|x64.ActiveCfg = Debug|Any CPU
		{EEB2DCDB-DFC0-E7B4-837D-36C388284F6A}.Debug|x64.Build.0 = Debug|Any CPU
		{EEB2DCDB-DFC0-E7B4-837D-36C388284F6A}.Debug|x86.ActiveCfg = Debug|Any CPU
		{EEB2DCDB-DFC0-E7B4-837D-36C388284F6A}.Debug|x86.Build.0 = Debug|Any CPU
		{EEB2DCDB-DFC0-E7B4-837D-36C388284F6A}.Release|Any CPU.ActiveCfg = Release|Any CPU
		{EEB2DCDB-DFC0-E7B4-837D-36C388284F6A}.Release|Any CPU.Build.0 = Release|Any CPU
		{EEB2DCDB-DFC0-E7B4-837D-36C388284F6A}.Release|x64.ActiveCfg = Release|Any CPU
		{EEB2DCDB-DFC0-E7B4-837D-36C388284F6A}.Release|x64.Build.0 = Release|Any CPU
		{EEB2DCDB-DFC0-E7B4-837D-36C388284F6A}.Release|x86.ActiveCfg = Release|Any CPU
		{EEB2DCDB-DFC0-E7B4-837D-36C388284F6A}.Release|x86.Build.0 = Release|Any CPU
		{B893A0B4-1D2D-A2BC-F142-CAA1E6756E50}.Debug|Any CPU.ActiveCfg = Debug|Any CPU
		{B893A0B4-1D2D-A2BC-F142-CAA1E6756E50}.Debug|Any CPU.Build.0 = Debug|Any CPU
		{B893A0B4-1D2D-A2BC-F142-CAA1E6756E50}.Debug|x64.ActiveCfg = Debug|Any CPU
		{B893A0B4-1D2D-A2BC-F142-CAA1E6756E50}.Debug|x64.Build.0 = Debug|Any CPU
		{B893A0B4-1D2D-A2BC-F142-CAA1E6756E50}.Debug|x86.ActiveCfg = Debug|Any CPU
		{B893A0B4-1D2D-A2BC-F142-CAA1E6756E50}.Debug|x86.Build.0 = Debug|Any CPU
		{B893A0B4-1D2D-A2BC-F142-CAA1E6756E50}.Release|Any CPU.ActiveCfg = Release|Any CPU
		{B893A0B4-1D2D-A2BC-F142-CAA1E6756E50}.Release|Any CPU.Build.0 = Release|Any CPU
		{B893A0B4-1D2D-A2BC-F142-CAA1E6756E50}.Release|x64.ActiveCfg = Release|Any CPU
		{B893A0B4-1D2D-A2BC-F142-CAA1E6756E50}.Release|x64.Build.0 = Release|Any CPU
		{B893A0B4-1D2D-A2BC-F142-CAA1E6756E50}.Release|x86.ActiveCfg = Release|Any CPU
		{B893A0B4-1D2D-A2BC-F142-CAA1E6756E50}.Release|x86.Build.0 = Release|Any CPU
		{8614C503-6BFE-E243-D30D-8B60FF5BD493}.Debug|Any CPU.ActiveCfg = Debug|Any CPU
		{8614C503-6BFE-E243-D30D-8B60FF5BD493}.Debug|Any CPU.Build.0 = Debug|Any CPU
		{8614C503-6BFE-E243-D30D-8B60FF5BD493}.Debug|x64.ActiveCfg = Debug|Any CPU
		{8614C503-6BFE-E243-D30D-8B60FF5BD493}.Debug|x64.Build.0 = Debug|Any CPU
		{8614C503-6BFE-E243-D30D-8B60FF5BD493}.Debug|x86.ActiveCfg = Debug|Any CPU
		{8614C503-6BFE-E243-D30D-8B60FF5BD493}.Debug|x86.Build.0 = Debug|Any CPU
		{8614C503-6BFE-E243-D30D-8B60FF5BD493}.Release|Any CPU.ActiveCfg = Release|Any CPU
		{8614C503-6BFE-E243-D30D-8B60FF5BD493}.Release|Any CPU.Build.0 = Release|Any CPU
		{8614C503-6BFE-E243-D30D-8B60FF5BD493}.Release|x64.ActiveCfg = Release|Any CPU
		{8614C503-6BFE-E243-D30D-8B60FF5BD493}.Release|x64.Build.0 = Release|Any CPU
		{8614C503-6BFE-E243-D30D-8B60FF5BD493}.Release|x86.ActiveCfg = Release|Any CPU
		{8614C503-6BFE-E243-D30D-8B60FF5BD493}.Release|x86.Build.0 = Release|Any CPU
		{AE34CD07-16F0-FF62-39B6-26A043F891F0}.Debug|Any CPU.ActiveCfg = Debug|Any CPU
		{AE34CD07-16F0-FF62-39B6-26A043F891F0}.Debug|Any CPU.Build.0 = Debug|Any CPU
		{AE34CD07-16F0-FF62-39B6-26A043F891F0}.Debug|x64.ActiveCfg = Debug|Any CPU
		{AE34CD07-16F0-FF62-39B6-26A043F891F0}.Debug|x64.Build.0 = Debug|Any CPU
		{AE34CD07-16F0-FF62-39B6-26A043F891F0}.Debug|x86.ActiveCfg = Debug|Any CPU
		{AE34CD07-16F0-FF62-39B6-26A043F891F0}.Debug|x86.Build.0 = Debug|Any CPU
		{AE34CD07-16F0-FF62-39B6-26A043F891F0}.Release|Any CPU.ActiveCfg = Release|Any CPU
		{AE34CD07-16F0-FF62-39B6-26A043F891F0}.Release|Any CPU.Build.0 = Release|Any CPU
		{AE34CD07-16F0-FF62-39B6-26A043F891F0}.Release|x64.ActiveCfg = Release|Any CPU
		{AE34CD07-16F0-FF62-39B6-26A043F891F0}.Release|x64.Build.0 = Release|Any CPU
		{AE34CD07-16F0-FF62-39B6-26A043F891F0}.Release|x86.ActiveCfg = Release|Any CPU
		{AE34CD07-16F0-FF62-39B6-26A043F891F0}.Release|x86.Build.0 = Release|Any CPU
		{01F4A3B2-348B-C335-BFDD-DC888EE50E62}.Debug|Any CPU.ActiveCfg = Debug|Any CPU
		{01F4A3B2-348B-C335-BFDD-DC888EE50E62}.Debug|Any CPU.Build.0 = Debug|Any CPU
		{01F4A3B2-348B-C335-BFDD-DC888EE50E62}.Debug|x64.ActiveCfg = Debug|Any CPU
		{01F4A3B2-348B-C335-BFDD-DC888EE50E62}.Debug|x64.Build.0 = Debug|Any CPU
		{01F4A3B2-348B-C335-BFDD-DC888EE50E62}.Debug|x86.ActiveCfg = Debug|Any CPU
		{01F4A3B2-348B-C335-BFDD-DC888EE50E62}.Debug|x86.Build.0 = Debug|Any CPU
		{01F4A3B2-348B-C335-BFDD-DC888EE50E62}.Release|Any CPU.ActiveCfg = Release|Any CPU
		{01F4A3B2-348B-C335-BFDD-DC888EE50E62}.Release|Any CPU.Build.0 = Release|Any CPU
		{01F4A3B2-348B-C335-BFDD-DC888EE50E62}.Release|x64.ActiveCfg = Release|Any CPU
		{01F4A3B2-348B-C335-BFDD-DC888EE50E62}.Release|x64.Build.0 = Release|Any CPU
		{01F4A3B2-348B-C335-BFDD-DC888EE50E62}.Release|x86.ActiveCfg = Release|Any CPU
		{01F4A3B2-348B-C335-BFDD-DC888EE50E62}.Release|x86.Build.0 = Release|Any CPU
		{80F630CA-89A6-94D2-3896-4C962A19F6A3}.Debug|Any CPU.ActiveCfg = Debug|Any CPU
		{80F630CA-89A6-94D2-3896-4C962A19F6A3}.Debug|Any CPU.Build.0 = Debug|Any CPU
		{80F630CA-89A6-94D2-3896-4C962A19F6A3}.Debug|x64.ActiveCfg = Debug|Any CPU
		{80F630CA-89A6-94D2-3896-4C962A19F6A3}.Debug|x64.Build.0 = Debug|Any CPU
		{80F630CA-89A6-94D2-3896-4C962A19F6A3}.Debug|x86.ActiveCfg = Debug|Any CPU
		{80F630CA-89A6-94D2-3896-4C962A19F6A3}.Debug|x86.Build.0 = Debug|Any CPU
		{80F630CA-89A6-94D2-3896-4C962A19F6A3}.Release|Any CPU.ActiveCfg = Release|Any CPU
		{80F630CA-89A6-94D2-3896-4C962A19F6A3}.Release|Any CPU.Build.0 = Release|Any CPU
		{80F630CA-89A6-94D2-3896-4C962A19F6A3}.Release|x64.ActiveCfg = Release|Any CPU
		{80F630CA-89A6-94D2-3896-4C962A19F6A3}.Release|x64.Build.0 = Release|Any CPU
		{80F630CA-89A6-94D2-3896-4C962A19F6A3}.Release|x86.ActiveCfg = Release|Any CPU
		{80F630CA-89A6-94D2-3896-4C962A19F6A3}.Release|x86.Build.0 = Release|Any CPU
		{3B73951F-568C-896E-8BE4-A9BEE6DCA325}.Debug|Any CPU.ActiveCfg = Debug|Any CPU
		{3B73951F-568C-896E-8BE4-A9BEE6DCA325}.Debug|Any CPU.Build.0 = Debug|Any CPU
		{3B73951F-568C-896E-8BE4-A9BEE6DCA325}.Debug|x64.ActiveCfg = Debug|Any CPU
		{3B73951F-568C-896E-8BE4-A9BEE6DCA325}.Debug|x64.Build.0 = Debug|Any CPU
		{3B73951F-568C-896E-8BE4-A9BEE6DCA325}.Debug|x86.ActiveCfg = Debug|Any CPU
		{3B73951F-568C-896E-8BE4-A9BEE6DCA325}.Debug|x86.Build.0 = Debug|Any CPU
		{3B73951F-568C-896E-8BE4-A9BEE6DCA325}.Release|Any CPU.ActiveCfg = Release|Any CPU
		{3B73951F-568C-896E-8BE4-A9BEE6DCA325}.Release|Any CPU.Build.0 = Release|Any CPU
		{3B73951F-568C-896E-8BE4-A9BEE6DCA325}.Release|x64.ActiveCfg = Release|Any CPU
		{3B73951F-568C-896E-8BE4-A9BEE6DCA325}.Release|x64.Build.0 = Release|Any CPU
		{3B73951F-568C-896E-8BE4-A9BEE6DCA325}.Release|x86.ActiveCfg = Release|Any CPU
		{3B73951F-568C-896E-8BE4-A9BEE6DCA325}.Release|x86.Build.0 = Release|Any CPU
		{159C8418-DF52-9DC8-5135-F57FADDEFA77}.Debug|Any CPU.ActiveCfg = Debug|Any CPU
		{159C8418-DF52-9DC8-5135-F57FADDEFA77}.Debug|Any CPU.Build.0 = Debug|Any CPU
		{159C8418-DF52-9DC8-5135-F57FADDEFA77}.Debug|x64.ActiveCfg = Debug|Any CPU
		{159C8418-DF52-9DC8-5135-F57FADDEFA77}.Debug|x64.Build.0 = Debug|Any CPU
		{159C8418-DF52-9DC8-5135-F57FADDEFA77}.Debug|x86.ActiveCfg = Debug|Any CPU
		{159C8418-DF52-9DC8-5135-F57FADDEFA77}.Debug|x86.Build.0 = Debug|Any CPU
		{159C8418-DF52-9DC8-5135-F57FADDEFA77}.Release|Any CPU.ActiveCfg = Release|Any CPU
		{159C8418-DF52-9DC8-5135-F57FADDEFA77}.Release|Any CPU.Build.0 = Release|Any CPU
		{159C8418-DF52-9DC8-5135-F57FADDEFA77}.Release|x64.ActiveCfg = Release|Any CPU
		{159C8418-DF52-9DC8-5135-F57FADDEFA77}.Release|x64.Build.0 = Release|Any CPU
		{159C8418-DF52-9DC8-5135-F57FADDEFA77}.Release|x86.ActiveCfg = Release|Any CPU
		{159C8418-DF52-9DC8-5135-F57FADDEFA77}.Release|x86.Build.0 = Release|Any CPU
		{BFA7BFDD-1E73-CE44-38C2-31146F9A94C7}.Debug|Any CPU.ActiveCfg = Debug|Any CPU
		{BFA7BFDD-1E73-CE44-38C2-31146F9A94C7}.Debug|Any CPU.Build.0 = Debug|Any CPU
		{BFA7BFDD-1E73-CE44-38C2-31146F9A94C7}.Debug|x64.ActiveCfg = Debug|Any CPU
		{BFA7BFDD-1E73-CE44-38C2-31146F9A94C7}.Debug|x64.Build.0 = Debug|Any CPU
		{BFA7BFDD-1E73-CE44-38C2-31146F9A94C7}.Debug|x86.ActiveCfg = Debug|Any CPU
		{BFA7BFDD-1E73-CE44-38C2-31146F9A94C7}.Debug|x86.Build.0 = Debug|Any CPU
		{BFA7BFDD-1E73-CE44-38C2-31146F9A94C7}.Release|Any CPU.ActiveCfg = Release|Any CPU
		{BFA7BFDD-1E73-CE44-38C2-31146F9A94C7}.Release|Any CPU.Build.0 = Release|Any CPU
		{BFA7BFDD-1E73-CE44-38C2-31146F9A94C7}.Release|x64.ActiveCfg = Release|Any CPU
		{BFA7BFDD-1E73-CE44-38C2-31146F9A94C7}.Release|x64.Build.0 = Release|Any CPU
		{BFA7BFDD-1E73-CE44-38C2-31146F9A94C7}.Release|x86.ActiveCfg = Release|Any CPU
		{BFA7BFDD-1E73-CE44-38C2-31146F9A94C7}.Release|x86.Build.0 = Release|Any CPU
		{45D86254-16A2-6BB5-5141-F46DCD297FD3}.Debug|Any CPU.ActiveCfg = Debug|Any CPU
		{45D86254-16A2-6BB5-5141-F46DCD297FD3}.Debug|Any CPU.Build.0 = Debug|Any CPU
		{45D86254-16A2-6BB5-5141-F46DCD297FD3}.Debug|x64.ActiveCfg = Debug|Any CPU
		{45D86254-16A2-6BB5-5141-F46DCD297FD3}.Debug|x64.Build.0 = Debug|Any CPU
		{45D86254-16A2-6BB5-5141-F46DCD297FD3}.Debug|x86.ActiveCfg = Debug|Any CPU
		{45D86254-16A2-6BB5-5141-F46DCD297FD3}.Debug|x86.Build.0 = Debug|Any CPU
		{45D86254-16A2-6BB5-5141-F46DCD297FD3}.Release|Any CPU.ActiveCfg = Release|Any CPU
		{45D86254-16A2-6BB5-5141-F46DCD297FD3}.Release|Any CPU.Build.0 = Release|Any CPU
		{45D86254-16A2-6BB5-5141-F46DCD297FD3}.Release|x64.ActiveCfg = Release|Any CPU
		{45D86254-16A2-6BB5-5141-F46DCD297FD3}.Release|x64.Build.0 = Release|Any CPU
		{45D86254-16A2-6BB5-5141-F46DCD297FD3}.Release|x86.ActiveCfg = Release|Any CPU
		{45D86254-16A2-6BB5-5141-F46DCD297FD3}.Release|x86.Build.0 = Release|Any CPU
		{29EEA4F8-7512-47E3-9916-B69B43FD37AC}.Debug|Any CPU.ActiveCfg = Debug|Any CPU
		{29EEA4F8-7512-47E3-9916-B69B43FD37AC}.Debug|Any CPU.Build.0 = Debug|Any CPU
		{29EEA4F8-7512-47E3-9916-B69B43FD37AC}.Debug|x64.ActiveCfg = Debug|Any CPU
		{29EEA4F8-7512-47E3-9916-B69B43FD37AC}.Debug|x64.Build.0 = Debug|Any CPU
		{29EEA4F8-7512-47E3-9916-B69B43FD37AC}.Debug|x86.ActiveCfg = Debug|Any CPU
		{29EEA4F8-7512-47E3-9916-B69B43FD37AC}.Debug|x86.Build.0 = Debug|Any CPU
		{29EEA4F8-7512-47E3-9916-B69B43FD37AC}.Release|Any CPU.ActiveCfg = Release|Any CPU
		{29EEA4F8-7512-47E3-9916-B69B43FD37AC}.Release|Any CPU.Build.0 = Release|Any CPU
		{29EEA4F8-7512-47E3-9916-B69B43FD37AC}.Release|x64.ActiveCfg = Release|Any CPU
		{29EEA4F8-7512-47E3-9916-B69B43FD37AC}.Release|x64.Build.0 = Release|Any CPU
		{29EEA4F8-7512-47E3-9916-B69B43FD37AC}.Release|x86.ActiveCfg = Release|Any CPU
		{29EEA4F8-7512-47E3-9916-B69B43FD37AC}.Release|x86.Build.0 = Release|Any CPU
		{05ED23C0-0078-F4B6-197B-BFC7D8AED0A2}.Debug|Any CPU.ActiveCfg = Debug|Any CPU
		{05ED23C0-0078-F4B6-197B-BFC7D8AED0A2}.Debug|Any CPU.Build.0 = Debug|Any CPU
		{05ED23C0-0078-F4B6-197B-BFC7D8AED0A2}.Debug|x64.ActiveCfg = Debug|Any CPU
		{05ED23C0-0078-F4B6-197B-BFC7D8AED0A2}.Debug|x64.Build.0 = Debug|Any CPU
		{05ED23C0-0078-F4B6-197B-BFC7D8AED0A2}.Debug|x86.ActiveCfg = Debug|Any CPU
		{05ED23C0-0078-F4B6-197B-BFC7D8AED0A2}.Debug|x86.Build.0 = Debug|Any CPU
		{05ED23C0-0078-F4B6-197B-BFC7D8AED0A2}.Release|Any CPU.ActiveCfg = Release|Any CPU
		{05ED23C0-0078-F4B6-197B-BFC7D8AED0A2}.Release|Any CPU.Build.0 = Release|Any CPU
		{05ED23C0-0078-F4B6-197B-BFC7D8AED0A2}.Release|x64.ActiveCfg = Release|Any CPU
		{05ED23C0-0078-F4B6-197B-BFC7D8AED0A2}.Release|x64.Build.0 = Release|Any CPU
		{05ED23C0-0078-F4B6-197B-BFC7D8AED0A2}.Release|x86.ActiveCfg = Release|Any CPU
		{05ED23C0-0078-F4B6-197B-BFC7D8AED0A2}.Release|x86.Build.0 = Release|Any CPU
		{2EFDD49A-8B80-556E-F656-D5636E6EC599}.Debug|Any CPU.ActiveCfg = Debug|Any CPU
		{2EFDD49A-8B80-556E-F656-D5636E6EC599}.Debug|Any CPU.Build.0 = Debug|Any CPU
		{2EFDD49A-8B80-556E-F656-D5636E6EC599}.Debug|x64.ActiveCfg = Debug|Any CPU
		{2EFDD49A-8B80-556E-F656-D5636E6EC599}.Debug|x64.Build.0 = Debug|Any CPU
		{2EFDD49A-8B80-556E-F656-D5636E6EC599}.Debug|x86.ActiveCfg = Debug|Any CPU
		{2EFDD49A-8B80-556E-F656-D5636E6EC599}.Debug|x86.Build.0 = Debug|Any CPU
		{2EFDD49A-8B80-556E-F656-D5636E6EC599}.Release|Any CPU.ActiveCfg = Release|Any CPU
		{2EFDD49A-8B80-556E-F656-D5636E6EC599}.Release|Any CPU.Build.0 = Release|Any CPU
		{2EFDD49A-8B80-556E-F656-D5636E6EC599}.Release|x64.ActiveCfg = Release|Any CPU
		{2EFDD49A-8B80-556E-F656-D5636E6EC599}.Release|x64.Build.0 = Release|Any CPU
		{2EFDD49A-8B80-556E-F656-D5636E6EC599}.Release|x86.ActiveCfg = Release|Any CPU
		{2EFDD49A-8B80-556E-F656-D5636E6EC599}.Release|x86.Build.0 = Release|Any CPU
		{F24A143E-1F9A-FB16-5A28-154C578145C7}.Debug|Any CPU.ActiveCfg = Debug|Any CPU
		{F24A143E-1F9A-FB16-5A28-154C578145C7}.Debug|Any CPU.Build.0 = Debug|Any CPU
		{F24A143E-1F9A-FB16-5A28-154C578145C7}.Debug|x64.ActiveCfg = Debug|Any CPU
		{F24A143E-1F9A-FB16-5A28-154C578145C7}.Debug|x64.Build.0 = Debug|Any CPU
		{F24A143E-1F9A-FB16-5A28-154C578145C7}.Debug|x86.ActiveCfg = Debug|Any CPU
		{F24A143E-1F9A-FB16-5A28-154C578145C7}.Debug|x86.Build.0 = Debug|Any CPU
		{F24A143E-1F9A-FB16-5A28-154C578145C7}.Release|Any CPU.ActiveCfg = Release|Any CPU
		{F24A143E-1F9A-FB16-5A28-154C578145C7}.Release|Any CPU.Build.0 = Release|Any CPU
		{F24A143E-1F9A-FB16-5A28-154C578145C7}.Release|x64.ActiveCfg = Release|Any CPU
		{F24A143E-1F9A-FB16-5A28-154C578145C7}.Release|x64.Build.0 = Release|Any CPU
		{F24A143E-1F9A-FB16-5A28-154C578145C7}.Release|x86.ActiveCfg = Release|Any CPU
		{F24A143E-1F9A-FB16-5A28-154C578145C7}.Release|x86.Build.0 = Release|Any CPU
		{D2449DF6-F990-182E-7F60-A2D2DDD55614}.Debug|Any CPU.ActiveCfg = Debug|Any CPU
		{D2449DF6-F990-182E-7F60-A2D2DDD55614}.Debug|Any CPU.Build.0 = Debug|Any CPU
		{D2449DF6-F990-182E-7F60-A2D2DDD55614}.Debug|x64.ActiveCfg = Debug|Any CPU
		{D2449DF6-F990-182E-7F60-A2D2DDD55614}.Debug|x64.Build.0 = Debug|Any CPU
		{D2449DF6-F990-182E-7F60-A2D2DDD55614}.Debug|x86.ActiveCfg = Debug|Any CPU
		{D2449DF6-F990-182E-7F60-A2D2DDD55614}.Debug|x86.Build.0 = Debug|Any CPU
		{D2449DF6-F990-182E-7F60-A2D2DDD55614}.Release|Any CPU.ActiveCfg = Release|Any CPU
		{D2449DF6-F990-182E-7F60-A2D2DDD55614}.Release|Any CPU.Build.0 = Release|Any CPU
		{D2449DF6-F990-182E-7F60-A2D2DDD55614}.Release|x64.ActiveCfg = Release|Any CPU
		{D2449DF6-F990-182E-7F60-A2D2DDD55614}.Release|x64.Build.0 = Release|Any CPU
		{D2449DF6-F990-182E-7F60-A2D2DDD55614}.Release|x86.ActiveCfg = Release|Any CPU
		{D2449DF6-F990-182E-7F60-A2D2DDD55614}.Release|x86.Build.0 = Release|Any CPU
		{1CA7E014-52F8-8336-B4A6-B5B9EFB34B50}.Debug|Any CPU.ActiveCfg = Debug|Any CPU
		{1CA7E014-52F8-8336-B4A6-B5B9EFB34B50}.Debug|Any CPU.Build.0 = Debug|Any CPU
		{1CA7E014-52F8-8336-B4A6-B5B9EFB34B50}.Debug|x64.ActiveCfg = Debug|Any CPU
		{1CA7E014-52F8-8336-B4A6-B5B9EFB34B50}.Debug|x64.Build.0 = Debug|Any CPU
		{1CA7E014-52F8-8336-B4A6-B5B9EFB34B50}.Debug|x86.ActiveCfg = Debug|Any CPU
		{1CA7E014-52F8-8336-B4A6-B5B9EFB34B50}.Debug|x86.Build.0 = Debug|Any CPU
		{1CA7E014-52F8-8336-B4A6-B5B9EFB34B50}.Release|Any CPU.ActiveCfg = Release|Any CPU
		{1CA7E014-52F8-8336-B4A6-B5B9EFB34B50}.Release|Any CPU.Build.0 = Release|Any CPU
		{1CA7E014-52F8-8336-B4A6-B5B9EFB34B50}.Release|x64.ActiveCfg = Release|Any CPU
		{1CA7E014-52F8-8336-B4A6-B5B9EFB34B50}.Release|x64.Build.0 = Release|Any CPU
		{1CA7E014-52F8-8336-B4A6-B5B9EFB34B50}.Release|x86.ActiveCfg = Release|Any CPU
		{1CA7E014-52F8-8336-B4A6-B5B9EFB34B50}.Release|x86.Build.0 = Release|Any CPU
		{9001E18E-8198-51AF-FCAB-67B7D71E404A}.Debug|Any CPU.ActiveCfg = Debug|Any CPU
		{9001E18E-8198-51AF-FCAB-67B7D71E404A}.Debug|Any CPU.Build.0 = Debug|Any CPU
		{9001E18E-8198-51AF-FCAB-67B7D71E404A}.Debug|x64.ActiveCfg = Debug|Any CPU
		{9001E18E-8198-51AF-FCAB-67B7D71E404A}.Debug|x64.Build.0 = Debug|Any CPU
		{9001E18E-8198-51AF-FCAB-67B7D71E404A}.Debug|x86.ActiveCfg = Debug|Any CPU
		{9001E18E-8198-51AF-FCAB-67B7D71E404A}.Debug|x86.Build.0 = Debug|Any CPU
		{9001E18E-8198-51AF-FCAB-67B7D71E404A}.Release|Any CPU.ActiveCfg = Release|Any CPU
		{9001E18E-8198-51AF-FCAB-67B7D71E404A}.Release|Any CPU.Build.0 = Release|Any CPU
		{9001E18E-8198-51AF-FCAB-67B7D71E404A}.Release|x64.ActiveCfg = Release|Any CPU
		{9001E18E-8198-51AF-FCAB-67B7D71E404A}.Release|x64.Build.0 = Release|Any CPU
		{9001E18E-8198-51AF-FCAB-67B7D71E404A}.Release|x86.ActiveCfg = Release|Any CPU
		{9001E18E-8198-51AF-FCAB-67B7D71E404A}.Release|x86.Build.0 = Release|Any CPU
		{29D0FE75-C000-B9A6-B314-E086AA4A5E1D}.Debug|Any CPU.ActiveCfg = Debug|Any CPU
		{29D0FE75-C000-B9A6-B314-E086AA4A5E1D}.Debug|Any CPU.Build.0 = Debug|Any CPU
		{29D0FE75-C000-B9A6-B314-E086AA4A5E1D}.Debug|x64.ActiveCfg = Debug|Any CPU
		{29D0FE75-C000-B9A6-B314-E086AA4A5E1D}.Debug|x64.Build.0 = Debug|Any CPU
		{29D0FE75-C000-B9A6-B314-E086AA4A5E1D}.Debug|x86.ActiveCfg = Debug|Any CPU
		{29D0FE75-C000-B9A6-B314-E086AA4A5E1D}.Debug|x86.Build.0 = Debug|Any CPU
		{29D0FE75-C000-B9A6-B314-E086AA4A5E1D}.Release|Any CPU.ActiveCfg = Release|Any CPU
		{29D0FE75-C000-B9A6-B314-E086AA4A5E1D}.Release|Any CPU.Build.0 = Release|Any CPU
		{29D0FE75-C000-B9A6-B314-E086AA4A5E1D}.Release|x64.ActiveCfg = Release|Any CPU
		{29D0FE75-C000-B9A6-B314-E086AA4A5E1D}.Release|x64.Build.0 = Release|Any CPU
		{29D0FE75-C000-B9A6-B314-E086AA4A5E1D}.Release|x86.ActiveCfg = Release|Any CPU
		{29D0FE75-C000-B9A6-B314-E086AA4A5E1D}.Release|x86.Build.0 = Release|Any CPU
		{0546876D-A78D-29AE-BBDF-F46368EE2392}.Debug|Any CPU.ActiveCfg = Debug|Any CPU
		{0546876D-A78D-29AE-BBDF-F46368EE2392}.Debug|Any CPU.Build.0 = Debug|Any CPU
		{0546876D-A78D-29AE-BBDF-F46368EE2392}.Debug|x64.ActiveCfg = Debug|Any CPU
		{0546876D-A78D-29AE-BBDF-F46368EE2392}.Debug|x64.Build.0 = Debug|Any CPU
		{0546876D-A78D-29AE-BBDF-F46368EE2392}.Debug|x86.ActiveCfg = Debug|Any CPU
		{0546876D-A78D-29AE-BBDF-F46368EE2392}.Debug|x86.Build.0 = Debug|Any CPU
		{0546876D-A78D-29AE-BBDF-F46368EE2392}.Release|Any CPU.ActiveCfg = Release|Any CPU
		{0546876D-A78D-29AE-BBDF-F46368EE2392}.Release|Any CPU.Build.0 = Release|Any CPU
		{0546876D-A78D-29AE-BBDF-F46368EE2392}.Release|x64.ActiveCfg = Release|Any CPU
		{0546876D-A78D-29AE-BBDF-F46368EE2392}.Release|x64.Build.0 = Release|Any CPU
		{0546876D-A78D-29AE-BBDF-F46368EE2392}.Release|x86.ActiveCfg = Release|Any CPU
		{0546876D-A78D-29AE-BBDF-F46368EE2392}.Release|x86.Build.0 = Release|Any CPU
		{1249A920-3B7E-0F9A-DD0E-123106503640}.Debug|Any CPU.ActiveCfg = Debug|Any CPU
		{1249A920-3B7E-0F9A-DD0E-123106503640}.Debug|Any CPU.Build.0 = Debug|Any CPU
		{1249A920-3B7E-0F9A-DD0E-123106503640}.Debug|x64.ActiveCfg = Debug|Any CPU
		{1249A920-3B7E-0F9A-DD0E-123106503640}.Debug|x64.Build.0 = Debug|Any CPU
		{1249A920-3B7E-0F9A-DD0E-123106503640}.Debug|x86.ActiveCfg = Debug|Any CPU
		{1249A920-3B7E-0F9A-DD0E-123106503640}.Debug|x86.Build.0 = Debug|Any CPU
		{1249A920-3B7E-0F9A-DD0E-123106503640}.Release|Any CPU.ActiveCfg = Release|Any CPU
		{1249A920-3B7E-0F9A-DD0E-123106503640}.Release|Any CPU.Build.0 = Release|Any CPU
		{1249A920-3B7E-0F9A-DD0E-123106503640}.Release|x64.ActiveCfg = Release|Any CPU
		{1249A920-3B7E-0F9A-DD0E-123106503640}.Release|x64.Build.0 = Release|Any CPU
		{1249A920-3B7E-0F9A-DD0E-123106503640}.Release|x86.ActiveCfg = Release|Any CPU
		{1249A920-3B7E-0F9A-DD0E-123106503640}.Release|x86.Build.0 = Release|Any CPU
		{FE602748-A5A1-502B-4E55-37DBABD642D2}.Debug|Any CPU.ActiveCfg = Debug|Any CPU
		{FE602748-A5A1-502B-4E55-37DBABD642D2}.Debug|Any CPU.Build.0 = Debug|Any CPU
		{FE602748-A5A1-502B-4E55-37DBABD642D2}.Debug|x64.ActiveCfg = Debug|Any CPU
		{FE602748-A5A1-502B-4E55-37DBABD642D2}.Debug|x64.Build.0 = Debug|Any CPU
		{FE602748-A5A1-502B-4E55-37DBABD642D2}.Debug|x86.ActiveCfg = Debug|Any CPU
		{FE602748-A5A1-502B-4E55-37DBABD642D2}.Debug|x86.Build.0 = Debug|Any CPU
		{FE602748-A5A1-502B-4E55-37DBABD642D2}.Release|Any CPU.ActiveCfg = Release|Any CPU
		{FE602748-A5A1-502B-4E55-37DBABD642D2}.Release|Any CPU.Build.0 = Release|Any CPU
		{FE602748-A5A1-502B-4E55-37DBABD642D2}.Release|x64.ActiveCfg = Release|Any CPU
		{FE602748-A5A1-502B-4E55-37DBABD642D2}.Release|x64.Build.0 = Release|Any CPU
		{FE602748-A5A1-502B-4E55-37DBABD642D2}.Release|x86.ActiveCfg = Release|Any CPU
		{FE602748-A5A1-502B-4E55-37DBABD642D2}.Release|x86.Build.0 = Release|Any CPU
		{33D214FE-427B-72D2-C2BD-C95BD823A271}.Debug|Any CPU.ActiveCfg = Debug|Any CPU
		{33D214FE-427B-72D2-C2BD-C95BD823A271}.Debug|Any CPU.Build.0 = Debug|Any CPU
		{33D214FE-427B-72D2-C2BD-C95BD823A271}.Debug|x64.ActiveCfg = Debug|Any CPU
		{33D214FE-427B-72D2-C2BD-C95BD823A271}.Debug|x64.Build.0 = Debug|Any CPU
		{33D214FE-427B-72D2-C2BD-C95BD823A271}.Debug|x86.ActiveCfg = Debug|Any CPU
		{33D214FE-427B-72D2-C2BD-C95BD823A271}.Debug|x86.Build.0 = Debug|Any CPU
		{33D214FE-427B-72D2-C2BD-C95BD823A271}.Release|Any CPU.ActiveCfg = Release|Any CPU
		{33D214FE-427B-72D2-C2BD-C95BD823A271}.Release|Any CPU.Build.0 = Release|Any CPU
		{33D214FE-427B-72D2-C2BD-C95BD823A271}.Release|x64.ActiveCfg = Release|Any CPU
		{33D214FE-427B-72D2-C2BD-C95BD823A271}.Release|x64.Build.0 = Release|Any CPU
		{33D214FE-427B-72D2-C2BD-C95BD823A271}.Release|x86.ActiveCfg = Release|Any CPU
		{33D214FE-427B-72D2-C2BD-C95BD823A271}.Release|x86.Build.0 = Release|Any CPU
		{EA2C542F-9A7E-40BD-B1BF-450C36F68398}.Debug|Any CPU.ActiveCfg = Debug|Any CPU
		{EA2C542F-9A7E-40BD-B1BF-450C36F68398}.Debug|Any CPU.Build.0 = Debug|Any CPU
		{EA2C542F-9A7E-40BD-B1BF-450C36F68398}.Debug|x64.ActiveCfg = Debug|Any CPU
		{EA2C542F-9A7E-40BD-B1BF-450C36F68398}.Debug|x64.Build.0 = Debug|Any CPU
		{EA2C542F-9A7E-40BD-B1BF-450C36F68398}.Debug|x86.ActiveCfg = Debug|Any CPU
		{EA2C542F-9A7E-40BD-B1BF-450C36F68398}.Debug|x86.Build.0 = Debug|Any CPU
		{EA2C542F-9A7E-40BD-B1BF-450C36F68398}.Release|Any CPU.ActiveCfg = Release|Any CPU
		{EA2C542F-9A7E-40BD-B1BF-450C36F68398}.Release|Any CPU.Build.0 = Release|Any CPU
		{EA2C542F-9A7E-40BD-B1BF-450C36F68398}.Release|x64.ActiveCfg = Release|Any CPU
		{EA2C542F-9A7E-40BD-B1BF-450C36F68398}.Release|x64.Build.0 = Release|Any CPU
		{EA2C542F-9A7E-40BD-B1BF-450C36F68398}.Release|x86.ActiveCfg = Release|Any CPU
		{EA2C542F-9A7E-40BD-B1BF-450C36F68398}.Release|x86.Build.0 = Release|Any CPU
	EndGlobalSection
	GlobalSection(SolutionProperties) = preSolution
		HideSolutionNode = FALSE
	EndGlobalSection
	GlobalSection(NestedProjects) = preSolution
		{103738C8-210B-89D3-E02F-11AFE1845E2B} = {371F3496-7532-4301-B95C-A4AA8EFBB6D2}
		{51915B36-DDA8-650B-C5A7-6427085F2B51} = {371F3496-7532-4301-B95C-A4AA8EFBB6D2}
		{A4C31948-591D-A01B-76DA-228E3CD8A0F6} = {371F3496-7532-4301-B95C-A4AA8EFBB6D2}
		{89BEDA84-5C83-ABC8-4C0D-8470115F0132} = {02EA681E-C7D8-13C7-8484-4AC65E1B71E8}
		{52479258-3A7D-FE3D-527E-0B5E893FE01F} = {02EA681E-C7D8-13C7-8484-4AC65E1B71E8}
		{1F5736A9-4085-2766-BF3C-4AF1C72E4414} = {02EA681E-C7D8-13C7-8484-4AC65E1B71E8}
		{0E811B44-D15F-CDDE-5591-AA0814548E9B} = {02EA681E-C7D8-13C7-8484-4AC65E1B71E8}
		{8ACDE237-C771-4742-F3E3-197D84F88C56} = {02EA681E-C7D8-13C7-8484-4AC65E1B71E8}
		{E7489989-C55C-431A-C3A1-9820199F0217} = {02EA681E-C7D8-13C7-8484-4AC65E1B71E8}
		{E576496E-00A1-F8CB-6D81-83B4DF670255} = {02EA681E-C7D8-13C7-8484-4AC65E1B71E8}
		{D1D74C6B-A46A-8C27-8FCD-6F53339AD2D4} = {B85F74EC-66C3-4070-BD0D-C05663042254}
		{0EBC449D-F099-E29D-3D47-D399CEE86DC3} = {B85F74EC-66C3-4070-BD0D-C05663042254}
		{59A2963B-9F63-E87B-AF11-B8FCFF549D21} = {B85F74EC-66C3-4070-BD0D-C05663042254}
		{EEB2DCDB-DFC0-E7B4-837D-36C388284F6A} = {B85F74EC-66C3-4070-BD0D-C05663042254}
		{B893A0B4-1D2D-A2BC-F142-CAA1E6756E50} = {A4837D11-33F3-4358-BCDD-6BE3D2ABAD58}
		{8614C503-6BFE-E243-D30D-8B60FF5BD493} = {A4837D11-33F3-4358-BCDD-6BE3D2ABAD58}
		{AE34CD07-16F0-FF62-39B6-26A043F891F0} = {A4837D11-33F3-4358-BCDD-6BE3D2ABAD58}
		{01F4A3B2-348B-C335-BFDD-DC888EE50E62} = {A4837D11-33F3-4358-BCDD-6BE3D2ABAD58}
		{80F630CA-89A6-94D2-3896-4C962A19F6A3} = {98904118-11E4-45B4-910F-1AFD4225E234}
		{3B73951F-568C-896E-8BE4-A9BEE6DCA325} = {98904118-11E4-45B4-910F-1AFD4225E234}
		{159C8418-DF52-9DC8-5135-F57FADDEFA77} = {98904118-11E4-45B4-910F-1AFD4225E234}
		{BFA7BFDD-1E73-CE44-38C2-31146F9A94C7} = {98904118-11E4-45B4-910F-1AFD4225E234}
		{45D86254-16A2-6BB5-5141-F46DCD297FD3} = {ED19AC3D-C93E-4F34-8034-956E4795F6D0}
		{EA2C542F-9A7E-40BD-B1BF-450C36F68398} = {ED19AC3D-C93E-4F34-8034-956E4795F6D0}
		{29EEA4F8-7512-47E3-9916-B69B43FD37AC} = {371F3496-7532-4301-B95C-A4AA8EFBB6D2}
		{05ED23C0-0078-F4B6-197B-BFC7D8AED0A2} = {371F3496-7532-4301-B95C-A4AA8EFBB6D2}
		{2EFDD49A-8B80-556E-F656-D5636E6EC599} = {371F3496-7532-4301-B95C-A4AA8EFBB6D2}
		{F24A143E-1F9A-FB16-5A28-154C578145C7} = {A4837D11-33F3-4358-BCDD-6BE3D2ABAD58}
		{D2449DF6-F990-182E-7F60-A2D2DDD55614} = {A4837D11-33F3-4358-BCDD-6BE3D2ABAD58}
		{1CA7E014-52F8-8336-B4A6-B5B9EFB34B50} = {A4837D11-33F3-4358-BCDD-6BE3D2ABAD58}
		{9001E18E-8198-51AF-FCAB-67B7D71E404A} = {98904118-11E4-45B4-910F-1AFD4225E234}
		{29D0FE75-C000-B9A6-B314-E086AA4A5E1D} = {98904118-11E4-45B4-910F-1AFD4225E234}
		{0546876D-A78D-29AE-BBDF-F46368EE2392} = {98904118-11E4-45B4-910F-1AFD4225E234}
		{1249A920-3B7E-0F9A-DD0E-123106503640} = {B85F74EC-66C3-4070-BD0D-C05663042254}
		{FE602748-A5A1-502B-4E55-37DBABD642D2} = {B85F74EC-66C3-4070-BD0D-C05663042254}
		{33D214FE-427B-72D2-C2BD-C95BD823A271} = {B85F74EC-66C3-4070-BD0D-C05663042254}
	EndGlobalSection
	GlobalSection(ExtensibilityGlobals) = postSolution
		SolutionGuid = {BF0A7DFC-1B06-4BBB-818A-4E94D83940B7}
	EndGlobalSection
EndGlobal
